
Microsoft Visual Studio Solution File, Format Version 12.00
# Visual Studio Version 17
VisualStudioVersion = 17.7.34031.279
MinimumVisualStudioVersion = 10.0.40219.1
Project("{FAE04EC0-301F-11D3-BF4B-00C04F79EFBC}") = "Game_Caro", "Game_Caro\Game_Caro.csproj", "{CCE2E08F-1E24-4256-A1DC-AE74156E5FA5}"
EndProject
Global
	GlobalSection(SolutionConfigurationPlatforms) = preSolution
		Debug|Any CPU = Debug|Any CPU
		Release|Any CPU = Release|Any CPU
	EndGlobalSection
	GlobalSection(ProjectConfigurationPlatforms) = postSolution
		{CCE2E08F-1E24-4256-A1DC-AE74156E5FA5}.Debug|Any CPU.ActiveCfg = Debug|Any CPU
		{CCE2E08F-1E24-4256-A1DC-AE74156E5FA5}.Debug|Any CPU.Build.0 = Debug|Any CPU
		{CCE2E08F-1E24-4256-A1DC-AE74156E5FA5}.Release|Any CPU.ActiveCfg = Release|Any CPU
		{CCE2E08F-1E24-4256-A1DC-AE74156E5FA5}.Release|Any CPU.Build.0 = Release|Any CPU
	EndGlobalSection
	GlobalSection(SolutionProperties) = preSolution
		HideSolutionNode = FALSE
	EndGlobalSection
	GlobalSection(ExtensibilityGlobals) = postSolution
		SolutionGuid = {7BE53FC8-92E0-4E40-9A34-2E701F68FDD4}
	EndGlobalSection
EndGlobal
